{
  "version": "5",
  "specifiers": {
    "npm:@supabase/supabase-js@2.103.2": "2.103.2"
  },
  "npm": {
    "@supabase/auth-js@2.103.2": {
      "integrity": "sha512-gHCp8J7TJ3ZrNsT5NiJt8Sa5SK7QnotUtxkBEaJ/vuimZ6MsWn6p4JWoDc01uZBmJTiISH3gQqTF2/S+kglDIw==",
      "dependencies": [
        "tslib"
      ]
    },
    "@supabase/functions-js@2.103.2": {
      "integrity": "sha512-VescBNuZPVcoFpH3R44YbLDDFPZnMtzBHuY1cNyL75h8Vlw9YBHv9qztVgDalKRoeA9wNQhuHqawXdTgCobhIQ==",
      "dependencies": [
        "tslib"
      ]
    },
    "@supabase/phoenix@0.4.5": {
      "integrity": "sha512-aAn9H9ovVyeApKy11OWOrrOGq8DV68yWeH4ud2lN9fzn4aO8Zb5GLL9m1pUg9nLqIcT+ZDfAcsZe0E/nqdv2lw=="
    },
    "@supabase/postgrest-js@2.103.2": {
      "integrity": "sha512-Qi9Dn0azoI/RhaVnZsggeQg6MY+7jg3jHVPt2vlh9nojMjOBniTbBeSrdSSEdufpbwXxPne3Z13OPva1VmC9CA==",
      "dependencies": [
        "tslib"
      ]
    },
    "@supabase/realtime-js@2.103.2": {
      "integrity": "sha512-zj/JruFaSJScdtq0W2cI+WbLuQmwYBD8i++0YFlzwyAeeZy9RwEAfjT1mkvhBNHPCy2V4LIsE4F0rAHSGR8AOg==",
      "dependencies": [
        "@supabase/phoenix",
        "@types/ws",
        "tslib",
        "ws"
      ]
    },
    "@supabase/storage-js@2.103.2": {
      "integrity": "sha512-d40lZ29EyWJ4cOTtSBH4myaRuYSa9kOdt+NFkUmR+a3SAy2VpbdI1/nE3QWIrdifOa4pxTo8RXGC3BngPMVhRw==",
      "dependencies": [
        "iceberg-js",
        "tslib"
      ]
    },
    "@supabase/supabase-js@2.103.2": {
      "integrity": "sha512-GlC5me7/WlyS1ZCpwLoCm7ezggRWxyMxfckDhtnJvGanoVZAOnCKSqrNkjmDF8aufdh/kOoXRc/P3zJ/eUKMTg==",
      "dependencies": [
        "@supabase/auth-js",
        "@supabase/functions-js",
        "@supabase/postgrest-js",
        "@supabase/realtime-js",
        "@supabase/storage-js"
      ]
    },
    "@types/node@26.6.3": {
      "integrity": "sha512-dsqMQQoeTLqu9wynDD00q573mNzso3IdQOAfHRJqLCcmCFPoGo9A1bDpUcv/9tnKpErQWv9uKeGfl37EIS02Yg==",
      "dependencies": [
        "undici-types"
      ]
    },
    "@types/ws@8.18.1": {
      "integrity": "sha512-ThVF6DCVhA8kUGy+aazFQ4kXQ7E1Ty7A3ypFOe0IcJV8O/M511G99AW24irKrW56Wt44yG9+ij8FaqoBGkuBXg==",
      "dependencies": [
        "@types/node"
      ]
    },
    "iceberg-js@0.8.1": {
      "integrity": "sha512-1dhVQZXhcHje7798IVM+xoo/1ZdVfzOMIc8/rgVSijRK38EDqOJoGula9N/8ZI5RD8QTxNQtK/Gozpr+qUqRRA=="
    },
    "tslib@2.8.1": {
      "integrity": "sha512-oJFu94HQb+KVduSUQL7wnpmqnfmLsOA/nAh6b6EH0wCEoK0/mPeXU6c3wKDV83MkOuHPRHtSXKKU99IBazS/2w=="
    },
    "undici-types@8.9.0": {
      "integrity": "sha512-KTDyRTYX8sWmKXAikPHHSyc63CRPETMctyjKFupcC6OBLXT3xsN0e9aF7m+mIXutFWpUXuedtowG7iLOzp0kQg=="
    },
    "ws@8.22.0": {
      "integrity": "sha512-Ydggc987+RO0AnWtZ/7Wq9FtNvcrL1b/RO0ud9mWjUPgDrsAAwQSF51sm2hm1XofbU/4jkpGEsLFsZZxU+1DOg=="
    }
  },
  "workspace": {
    "packageJson": {
      "dependencies": [
        "npm:@electric-sql/pglite@~0.5.8",
        "npm:@supabase/supabase-js@^2.103.2",
        "npm:@types/node@^22.10.0",
        "npm:@types/react-dom@19",
        "npm:@types/react@19",
        "npm:@vitejs/plugin-react@^4.3.4",
        "npm:dexie@^4.0.11",
        "npm:gh-pages@^6.3.0",
        "npm:react-dom@19",
        "npm:react-router-dom@^7.4.0",
        "npm:react@19",
        "npm:tsx@^4.23.15",
        "npm:typescript@~5.7.2",
        "npm:vite@^6.2.0"
      ]
    }
  }
}
